// !$*UTF8*$!
{
	archiveVersion = 1;
	classes = {
	};
	objectVersion = 55;
	objects = {

/* Begin PBXBuildFile section */
		631C63BE2899F6C50032352C /* AppDelegate.swift in Sources */ = {isa = PBXBuildFile; fileRef = 631C63BD2899F6C50032352C /* AppDelegate.swift */; };
		631C63C02899F6C50032352C /* SceneDelegate.swift in Sources */ = {isa = PBXBuildFile; fileRef = 631C63BF2899F6C50032352C /* SceneDelegate.swift */; };
		631C63C22899F6C50032352C /* MovieViewController.swift in Sources */ = {isa = PBXBuildFile; fileRef = 631C63C12899F6C50032352C /* MovieViewController.swift */; };
		631C63C52899F6C50032352C /* Main.storyboard in Resources */ = {isa = PBXBuildFile; fileRef = 631C63C32899F6C50032352C /* Main.storyboard */; };
		631C63C72899F6C50032352C /* Assets.xcassets in Resources */ = {isa = PBXBuildFile; fileRef = 631C63C62899F6C50032352C /* Assets.xcassets */; };
		631C63CA2899F6C50032352C /* LaunchScreen.storyboard in Resources */ = {isa = PBXBuildFile; fileRef = 631C63C82899F6C50032352C /* LaunchScreen.storyboard */; };
		631C63D22899F7D00032352C /* .gitignore in Resources */ = {isa = PBXBuildFile; fileRef = 631C63D12899F7D00032352C /* .gitignore */; };
		63622D07289A5651008CFDFF /* APIKey.swift in Sources */ = {isa = PBXBuildFile; fileRef = 63622D06289A5651008CFDFF /* APIKey.swift */; };
		63622D0A289A6687008CFDFF /* MovieCollectionViewCell.swift in Sources */ = {isa = PBXBuildFile; fileRef = 63622D08289A6687008CFDFF /* MovieCollectionViewCell.swift */; };
		63622D0B289A6687008CFDFF /* MovieCollectionViewCell.xib in Resources */ = {isa = PBXBuildFile; fileRef = 63622D09289A6687008CFDFF /* MovieCollectionViewCell.xib */; };
		63622D0F289A6CB2008CFDFF /* ReusableProtocol.swift in Sources */ = {isa = PBXBuildFile; fileRef = 63622D0E289A6CB2008CFDFF /* ReusableProtocol.swift */; };
		63622D12289A6E71008CFDFF /* SwiftyJSON in Frameworks */ = {isa = PBXBuildFile; productRef = 63622D11289A6E71008CFDFF /* SwiftyJSON */; };
		63622D15289A6E7A008CFDFF /* Alamofire in Frameworks */ = {isa = PBXBuildFile; productRef = 63622D14289A6E7A008CFDFF /* Alamofire */; };
		63622D18289A720E008CFDFF /* MovieInfo.swift in Sources */ = {isa = PBXBuildFile; fileRef = 63622D17289A720E008CFDFF /* MovieInfo.swift */; };
		63622D1A289A769C008CFDFF /* UILabel+Extension.swift in Sources */ = {isa = PBXBuildFile; fileRef = 63622D19289A769C008CFDFF /* UILabel+Extension.swift */; };
		636EC43F289E40AC00EEA09D /* UIButton+Extension.swift in Sources */ = {isa = PBXBuildFile; fileRef = 636EC43E289E40AC00EEA09D /* UIButton+Extension.swift */; };
		636EC441289E46A800EEA09D /* TVViewController.swift in Sources */ = {isa = PBXBuildFile; fileRef = 636EC440289E46A800EEA09D /* TVViewController.swift */; };
		636EC444289E46FA00EEA09D /* Tabman in Frameworks */ = {isa = PBXBuildFile; productRef = 636EC443289E46FA00EEA09D /* Tabman */; };
		636EC446289E4E9F00EEA09D /* ViewController.swift in Sources */ = {isa = PBXBuildFile; fileRef = 636EC445289E4E9F00EEA09D /* ViewController.swift */; };
		63A51880289CDF1A0081EA59 /* WebViewController.swift in Sources */ = {isa = PBXBuildFile; fileRef = 63A5187F289CDF1A0081EA59 /* WebViewController.swift */; };
		63A51882289CDF210081EA59 /* Web.storyboard in Resources */ = {isa = PBXBuildFile; fileRef = 63A51881289CDF210081EA59 /* Web.storyboard */; };
		63A51884289CF1960081EA59 /* APIManager.swift in Sources */ = {isa = PBXBuildFile; fileRef = 63A51883289CF1960081EA59 /* APIManager.swift */; };
		63AAABEC289B9D75002F800A /* JGProgressHUD in Frameworks */ = {isa = PBXBuildFile; productRef = 63AAABEB289B9D75002F800A /* JGProgressHUD */; };
		63AAABF0289B9EC9002F800A /* Detail.storyboard in Resources */ = {isa = PBXBuildFile; fileRef = 63AAABEF289B9EC9002F800A /* Detail.storyboard */; };
		63AAABF2289B9F2B002F800A /* DetailViewController.swift in Sources */ = {isa = PBXBuildFile; fileRef = 63AAABF1289B9F2B002F800A /* DetailViewController.swift */; };
		63AAABFA289BACA2002F800A /* CastInfo.swift in Sources */ = {isa = PBXBuildFile; fileRef = 63AAABF9289BACA2002F800A /* CastInfo.swift */; };
		63AAABFD289BB5BF002F800A /* OverViewDetailTableViewCell.swift in Sources */ = {isa = PBXBuildFile; fileRef = 63AAABFB289BB5BF002F800A /* OverViewDetailTableViewCell.swift */; };
		63AAABFE289BB5BF002F800A /* OverViewDetailTableViewCell.xib in Resources */ = {isa = PBXBuildFile; fileRef = 63AAABFC289BB5BF002F800A /* OverViewDetailTableViewCell.xib */; };
		63AAAC01289BB5D1002F800A /* CastDetailTableViewCell.swift in Sources */ = {isa = PBXBuildFile; fileRef = 63AAABFF289BB5D1002F800A /* CastDetailTableViewCell.swift */; };
		63AAAC02289BB5D1002F800A /* CastDetailTableViewCell.xib in Resources */ = {isa = PBXBuildFile; fileRef = 63AAAC00289BB5D1002F800A /* CastDetailTableViewCell.xib */; };
		63AAAC05289BC013002F800A /* Kingfisher in Frameworks */ = {isa = PBXBuildFile; productRef = 63AAAC04289BC013002F800A /* Kingfisher */; };
/* End PBXBuildFile section */

/* Begin PBXFileReference section */
		631C63BA2899F6C50032352C /* TMDBProject.app */ = {isa = PBXFileReference; explicitFileType = wrapper.application; includeInIndex = 0; path = TMDBProject.app; sourceTree = BUILT_PRODUCTS_DIR; };
		631C63BD2899F6C50032352C /* AppDelegate.swift */ = {isa = PBXFileReference; lastKnownFileType = sourcecode.swift; path = AppDelegate.swift; sourceTree = "<group>"; };
		631C63BF2899F6C50032352C /* SceneDelegate.swift */ = {isa = PBXFileReference; lastKnownFileType = sourcecode.swift; path = SceneDelegate.swift; sourceTree = "<group>"; };
		631C63C12899F6C50032352C /* MovieViewController.swift */ = {isa = PBXFileReference; lastKnownFileType = sourcecode.swift; path = MovieViewController.swift; sourceTree = "<group>"; };
		631C63C42899F6C50032352C /* Base */ = {isa = PBXFileReference; lastKnownFileType = file.storyboard; name = Base; path = Base.lproj/Main.storyboard; sourceTree = "<group>"; };
		631C63C62899F6C50032352C /* Assets.xcassets */ = {isa = PBXFileReference; lastKnownFileType = folder.assetcatalog; path = Assets.xcassets; sourceTree = "<group>"; };
		631C63C92899F6C50032352C /* Base */ = {isa = PBXFileReference; lastKnownFileType = file.storyboard; name = Base; path = Base.lproj/LaunchScreen.storyboard; sourceTree = "<group>"; };
		631C63CB2899F6C50032352C /* Info.plist */ = {isa = PBXFileReference; lastKnownFileType = text.plist.xml; path = Info.plist; sourceTree = "<group>"; };
		631C63D12899F7D00032352C /* .gitignore */ = {isa = PBXFileReference; lastKnownFileType = text; path = .gitignore; sourceTree = "<group>"; };
		63622D06289A5651008CFDFF /* APIKey.swift */ = {isa = PBXFileReference; lastKnownFileType = sourcecode.swift; path = APIKey.swift; sourceTree = "<group>"; };
		63622D08289A6687008CFDFF /* MovieCollectionViewCell.swift */ = {isa = PBXFileReference; lastKnownFileType = sourcecode.swift; path = MovieCollectionViewCell.swift; sourceTree = "<group>"; };
		63622D09289A6687008CFDFF /* MovieCollectionViewCell.xib */ = {isa = PBXFileReference; lastKnownFileType = file.xib; path = MovieCollectionViewCell.xib; sourceTree = "<group>"; };
		63622D0E289A6CB2008CFDFF /* ReusableProtocol.swift */ = {isa = PBXFileReference; lastKnownFileType = sourcecode.swift; path = ReusableProtocol.swift; sourceTree = "<group>"; };
		63622D17289A720E008CFDFF /* MovieInfo.swift */ = {isa = PBXFileReference; lastKnownFileType = sourcecode.swift; path = MovieInfo.swift; sourceTree = "<group>"; };
		63622D19289A769C008CFDFF /* UILabel+Extension.swift */ = {isa = PBXFileReference; lastKnownFileType = sourcecode.swift; path = "UILabel+Extension.swift"; sourceTree = "<group>"; };
		636EC43E289E40AC00EEA09D /* UIButton+Extension.swift */ = {isa = PBXFileReference; lastKnownFileType = sourcecode.swift; path = "UIButton+Extension.swift"; sourceTree = "<group>"; };
		636EC440289E46A800EEA09D /* TVViewController.swift */ = {isa = PBXFileReference; lastKnownFileType = sourcecode.swift; path = TVViewController.swift; sourceTree = "<group>"; };
		636EC445289E4E9F00EEA09D /* ViewController.swift */ = {isa = PBXFileReference; lastKnownFileType = sourcecode.swift; path = ViewController.swift; sourceTree = "<group>"; };
		63A5187F289CDF1A0081EA59 /* WebViewController.swift */ = {isa = PBXFileReference; lastKnownFileType = sourcecode.swift; path = WebViewController.swift; sourceTree = "<group>"; };
		63A51881289CDF210081EA59 /* Web.storyboard */ = {isa = PBXFileReference; lastKnownFileType = file.storyboard; path = Web.storyboard; sourceTree = "<group>"; };
		63A51883289CF1960081EA59 /* APIManager.swift */ = {isa = PBXFileReference; lastKnownFileType = sourcecode.swift; path = APIManager.swift; sourceTree = "<group>"; };
		63AAABEF289B9EC9002F800A /* Detail.storyboard */ = {isa = PBXFileReference; lastKnownFileType = file.storyboard; path = Detail.storyboard; sourceTree = "<group>"; };
		63AAABF1289B9F2B002F800A /* DetailViewController.swift */ = {isa = PBXFileReference; lastKnownFileType = sourcecode.swift; path = DetailViewController.swift; sourceTree = "<group>"; };
		63AAABF9289BACA2002F800A /* CastInfo.swift */ = {isa = PBXFileReference; lastKnownFileType = sourcecode.swift; path = CastInfo.swift; sourceTree = "<group>"; };
		63AAABFB289BB5BF002F800A /* OverViewDetailTableViewCell.swift */ = {isa = PBXFileReference; lastKnownFileType = sourcecode.swift; path = OverViewDetailTableViewCell.swift; sourceTree = "<group>"; };
		63AAABFC289BB5BF002F800A /* OverViewDetailTableViewCell.xib */ = {isa = PBXFileReference; lastKnownFileType = file.xib; path = OverViewDetailTableViewCell.xib; sourceTree = "<group>"; };
		63AAABFF289BB5D1002F800A /* CastDetailTableViewCell.swift */ = {isa = PBXFileReference; lastKnownFileType = sourcecode.swift; path = CastDetailTableViewCell.swift; sourceTree = "<group>"; };
		63AAAC00289BB5D1002F800A /* CastDetailTableViewCell.xib */ = {isa = PBXFileReference; lastKnownFileType = file.xib; path = CastDetailTableViewCell.xib; sourceTree = "<group>"; };
/* End PBXFileReference section */

/* Begin PBXFrameworksBuildPhase section */
		631C63B72899F6C50032352C /* Frameworks */ = {
			isa = PBXFrameworksBuildPhase;
			buildActionMask = 2147483647;
			files = (
				636EC444289E46FA00EEA09D /* Tabman in Frameworks */,
				63AAAC05289BC013002F800A /* Kingfisher in Frameworks */,
				63622D12289A6E71008CFDFF /* SwiftyJSON in Frameworks */,
				63AAABEC289B9D75002F800A /* JGProgressHUD in Frameworks */,
				63622D15289A6E7A008CFDFF /* Alamofire in Frameworks */,
			);
			runOnlyForDeploymentPostprocessing = 0;
		};
/* End PBXFrameworksBuildPhase section */

/* Begin PBXGroup section */
		631C63B12899F6C50032352C = {
			isa = PBXGroup;
			children = (
				631C63D12899F7D00032352C /* .gitignore */,
				631C63BC2899F6C50032352C /* TMDBProject */,
				631C63BB2899F6C50032352C /* Products */,
			);
			sourceTree = "<group>";
		};
		631C63BB2899F6C50032352C /* Products */ = {
			isa = PBXGroup;
			children = (
				631C63BA2899F6C50032352C /* TMDBProject.app */,
			);
			name = Products;
			sourceTree = "<group>";
		};
		631C63BC2899F6C50032352C /* TMDBProject */ = {
			isa = PBXGroup;
			children = (
				63622D05289A5630008CFDFF /* Resources */,
				63622D0D289A6C8F008CFDFF /* Protocols */,
				63AAABED289B9E7F002F800A /* Extension */,
				63622D16289A71E1008CFDFF /* InfoStruct */,
				631C63BD2899F6C50032352C /* AppDelegate.swift */,
				631C63BF2899F6C50032352C /* SceneDelegate.swift */,
				631C63C32899F6C50032352C /* Main.storyboard */,
				636EC445289E4E9F00EEA09D /* ViewController.swift */,
				636EC440289E46A800EEA09D /* TVViewController.swift */,
				63622D0C289A6C4B008CFDFF /* Movie */,
				63AAABEE289B9EAE002F800A /* Detail */,
				63A5187E289CDEF60081EA59 /* Web */,
				631C63C62899F6C50032352C /* Assets.xcassets */,
				631C63C82899F6C50032352C /* LaunchScreen.storyboard */,
				631C63CB2899F6C50032352C /* Info.plist */,
			);
			path = TMDBProject;
			sourceTree = "<group>";
		};
		63622D05289A5630008CFDFF /* Resources */ = {
			isa = PBXGroup;
			children = (
				63622D06289A5651008CFDFF /* APIKey.swift */,
				63A51883289CF1960081EA59 /* APIManager.swift */,
			);
			path = Resources;
			sourceTree = "<group>";
		};
		63622D0C289A6C4B008CFDFF /* Movie */ = {
			isa = PBXGroup;
			children = (
				631C63C12899F6C50032352C /* MovieViewController.swift */,
				63622D08289A6687008CFDFF /* MovieCollectionViewCell.swift */,
				63622D09289A6687008CFDFF /* MovieCollectionViewCell.xib */,
			);
			path = Movie;
			sourceTree = "<group>";
		};
		63622D0D289A6C8F008CFDFF /* Protocols */ = {
			isa = PBXGroup;
			children = (
				63622D0E289A6CB2008CFDFF /* ReusableProtocol.swift */,
			);
			path = Protocols;
			sourceTree = "<group>";
		};
		63622D16289A71E1008CFDFF /* InfoStruct */ = {
			isa = PBXGroup;
			children = (
				63622D17289A720E008CFDFF /* MovieInfo.swift */,
				63AAABF9289BACA2002F800A /* CastInfo.swift */,
			);
			path = InfoStruct;
			sourceTree = "<group>";
		};
		63A5187E289CDEF60081EA59 /* Web */ = {
			isa = PBXGroup;
			children = (
				63A51881289CDF210081EA59 /* Web.storyboard */,
				63A5187F289CDF1A0081EA59 /* WebViewController.swift */,
			);
			path = Web;
			sourceTree = "<group>";
		};
		63AAABED289B9E7F002F800A /* Extension */ = {
			isa = PBXGroup;
			children = (
				63622D19289A769C008CFDFF /* UILabel+Extension.swift */,
				636EC43E289E40AC00EEA09D /* UIButton+Extension.swift */,
			);
			path = Extension;
			sourceTree = "<group>";
		};
		63AAABEE289B9EAE002F800A /* Detail */ = {
			isa = PBXGroup;
			children = (
				63AAABEF289B9EC9002F800A /* Detail.storyboard */,
				63AAABFC289BB5BF002F800A /* OverViewDetailTableViewCell.xib */,
				63AAAC00289BB5D1002F800A /* CastDetailTableViewCell.xib */,
				63AAABF1289B9F2B002F800A /* DetailViewController.swift */,
				63AAABFB289BB5BF002F800A /* OverViewDetailTableViewCell.swift */,
				63AAABFF289BB5D1002F800A /* CastDetailTableViewCell.swift */,
			);
			path = Detail;
			sourceTree = "<group>";
		};
/* End PBXGroup section */

/* Begin PBXNativeTarget section */
		631C63B92899F6C50032352C /* TMDBProject */ = {
			isa = PBXNativeTarget;
			buildConfigurationList = 631C63CE2899F6C50032352C /* Build configuration list for PBXNativeTarget "TMDBProject" */;
			buildPhases = (
				631C63B62899F6C50032352C /* Sources */,
				631C63B72899F6C50032352C /* Frameworks */,
				631C63B82899F6C50032352C /* Resources */,
			);
			buildRules = (
			);
			dependencies = (
			);
			name = TMDBProject;
			packageProductDependencies = (
				63622D11289A6E71008CFDFF /* SwiftyJSON */,
				63622D14289A6E7A008CFDFF /* Alamofire */,
				63AAABEB289B9D75002F800A /* JGProgressHUD */,
				63AAAC04289BC013002F800A /* Kingfisher */,
				636EC443289E46FA00EEA09D /* Tabman */,
			);
			productName = TMDBProject;
			productReference = 631C63BA2899F6C50032352C /* TMDBProject.app */;
			productType = "com.apple.product-type.application";
		};
/* End PBXNativeTarget section */

/* Begin PBXProject section */
		631C63B22899F6C50032352C /* Project object */ = {
			isa = PBXProject;
			attributes = {
				BuildIndependentTargetsInParallel = 1;
				LastSwiftUpdateCheck = 1340;
				LastUpgradeCheck = 1340;
				TargetAttributes = {
					631C63B92899F6C50032352C = {
						CreatedOnToolsVersion = 13.4.1;
					};
				};
			};
			buildConfigurationList = 631C63B52899F6C50032352C /* Build configuration list for PBXProject "TMDBProject" */;
			compatibilityVersion = "Xcode 13.0";
			developmentRegion = en;
			hasScannedForEncodings = 0;
			knownRegions = (
				en,
				Base,
			);
			mainGroup = 631C63B12899F6C50032352C;
			packageReferences = (
				63622D10289A6E71008CFDFF /* XCRemoteSwiftPackageReference "SwiftyJSON" */,
				63622D13289A6E7A008CFDFF /* XCRemoteSwiftPackageReference "Alamofire" */,
				63AAABEA289B9D75002F800A /* XCRemoteSwiftPackageReference "JGProgressHUD" */,
				63AAAC03289BC013002F800A /* XCRemoteSwiftPackageReference "Kingfisher" */,
				636EC442289E46FA00EEA09D /* XCRemoteSwiftPackageReference "Tabman" */,
			);
			productRefGroup = 631C63BB2899F6C50032352C /* Products */;
			projectDirPath = "";
			projectRoot = "";
			targets = (
				631C63B92899F6C50032352C /* TMDBProject */,
			);
		};
/* End PBXProject section */

/* Begin PBXResourcesBuildPhase section */
		631C63B82899F6C50032352C /* Resources */ = {
			isa = PBXResourcesBuildPhase;
			buildActionMask = 2147483647;
			files = (
				631C63D22899F7D00032352C /* .gitignore in Resources */,
				631C63CA2899F6C50032352C /* LaunchScreen.storyboard in Resources */,
				63AAABFE289BB5BF002F800A /* OverViewDetailTableViewCell.xib in Resources */,
				63622D0B289A6687008CFDFF /* MovieCollectionViewCell.xib in Resources */,
				631C63C72899F6C50032352C /* Assets.xcassets in Resources */,
				63AAAC02289BB5D1002F800A /* CastDetailTableViewCell.xib in Resources */,
				631C63C52899F6C50032352C /* Main.storyboard in Resources */,
				63AAABF0289B9EC9002F800A /* Detail.storyboard in Resources */,
				63A51882289CDF210081EA59 /* Web.storyboard in Resources */,
			);
			runOnlyForDeploymentPostprocessing = 0;
		};
/* End PBXResourcesBuildPhase section */

/* Begin PBXSourcesBuildPhase section */
		631C63B62899F6C50032352C /* Sources */ = {
			isa = PBXSourcesBuildPhase;
			buildActionMask = 2147483647;
			files = (
				63AAABF2289B9F2B002F800A /* DetailViewController.swift in Sources */,
				63622D1A289A769C008CFDFF /* UILabel+Extension.swift in Sources */,
				63622D0F289A6CB2008CFDFF /* ReusableProtocol.swift in Sources */,
				631C63C22899F6C50032352C /* MovieViewController.swift in Sources */,
				631C63BE2899F6C50032352C /* AppDelegate.swift in Sources */,
				631C63C02899F6C50032352C /* SceneDelegate.swift in Sources */,
				63A51884289CF1960081EA59 /* APIManager.swift in Sources */,
				63622D07289A5651008CFDFF /* APIKey.swift in Sources */,
				636EC43F289E40AC00EEA09D /* UIButton+Extension.swift in Sources */,
				636EC446289E4E9F00EEA09D /* ViewController.swift in Sources */,
				63622D18289A720E008CFDFF /* MovieInfo.swift in Sources */,
				636EC441289E46A800EEA09D /* TVViewController.swift in Sources */,
				63AAABFA289BACA2002F800A /* CastInfo.swift in Sources */,
				63AAAC01289BB5D1002F800A /* CastDetailTableViewCell.swift in Sources */,
				63622D0A289A6687008CFDFF /* MovieCollectionViewCell.swift in Sources */,
				63A51880289CDF1A0081EA59 /* WebViewController.swift in Sources */,
				63AAABFD289BB5BF002F800A /* OverViewDetailTableViewCell.swift in Sources */,
			);
			runOnlyForDeploymentPostprocessing = 0;
		};
/* End PBXSourcesBuildPhase section */

/* Begin PBXVariantGroup section */
		631C63C32899F6C50032352C /* Main.storyboard */ = {
			isa = PBXVariantGroup;
			children = (
				631C63C42899F6C50032352C /* Base */,
			);
			name = Main.storyboard;
			sourceTree = "<group>";
		};
		631C63C82899F6C50032352C /* LaunchScreen.storyboard */ = {
			isa = PBXVariantGroup;
			children = (
				631C63C92899F6C50032352C /* Base */,
			);
			name = LaunchScreen.storyboard;
			sourceTree = "<group>";
		};
/* End PBXVariantGroup section */

/* Begin XCBuildConfiguration section */
		631C63CC2899F6C50032352C /* Debug */ = {
			isa = XCBuildConfiguration;
			buildSettings = {
				ALWAYS_SEARCH_USER_PATHS = NO;
				CLANG_ANALYZER_NONNULL = YES;
				CLANG_ANALYZER_NUMBER_OBJECT_CONVERSION = YES_AGGRESSIVE;
				CLANG_CXX_LANGUAGE_STANDARD = "gnu++17";
				CLANG_ENABLE_MODULES = YES;
				CLANG_ENABLE_OBJC_ARC = YES;
				CLANG_ENABLE_OBJC_WEAK = YES;
				CLANG_WARN_BLOCK_CAPTURE_AUTORELEASING = YES;
				CLANG_WARN_BOOL_CONVERSION = YES;
				CLANG_WARN_COMMA = YES;
				CLANG_WARN_CONSTANT_CONVERSION = YES;
				CLANG_WARN_DEPRECATED_OBJC_IMPLEMENTATIONS = YES;
				CLANG_WARN_DIRECT_OBJC_ISA_USAGE = YES_ERROR;
				CLANG_WARN_DOCUMENTATION_COMMENTS = YES;
				CLANG_WARN_EMPTY_BODY = YES;
				CLANG_WARN_ENUM_CONVERSION = YES;
				CLANG_WARN_INFINITE_RECURSION = YES;
				CLANG_WARN_INT_CONVERSION = YES;
				CLANG_WARN_NON_LITERAL_NULL_CONVERSION = YES;
				CLANG_WARN_OBJC_IMPLICIT_RETAIN_SELF = YES;
				CLANG_WARN_OBJC_LITERAL_CONVERSION = YES;
				CLANG_WARN_OBJC_ROOT_CLASS = YES_ERROR;
				CLANG_WARN_QUOTED_INCLUDE_IN_FRAMEWORK_HEADER = YES;
				CLANG_WARN_RANGE_LOOP_ANALYSIS = YES;
				CLANG_WARN_STRICT_PROTOTYPES = YES;
				CLANG_WARN_SUSPICIOUS_MOVE = YES;
				CLANG_WARN_UNGUARDED_AVAILABILITY = YES_AGGRESSIVE;
				CLANG_WARN_UNREACHABLE_CODE = YES;
				CLANG_WARN__DUPLICATE_METHOD_MATCH = YES;
				COPY_PHASE_STRIP = NO;
				DEBUG_INFORMATION_FORMAT = dwarf;
				ENABLE_STRICT_OBJC_MSGSEND = YES;
				ENABLE_TESTABILITY = YES;
				GCC_C_LANGUAGE_STANDARD = gnu11;
				GCC_DYNAMIC_NO_PIC = NO;
				GCC_NO_COMMON_BLOCKS = YES;
				GCC_OPTIMIZATION_LEVEL = 0;
				GCC_PREPROCESSOR_DEFINITIONS = (
					"DEBUG=1",
					"$(inherited)",
				);
				GCC_WARN_64_TO_32_BIT_CONVERSION = YES;
				GCC_WARN_ABOUT_RETURN_TYPE = YES_ERROR;
				GCC_WARN_UNDECLARED_SELECTOR = YES;
				GCC_WARN_UNINITIALIZED_AUTOS = YES_AGGRESSIVE;
				GCC_WARN_UNUSED_FUNCTION = YES;
				GCC_WARN_UNUSED_VARIABLE = YES;
				IPHONEOS_DEPLOYMENT_TARGET = 15.5;
				MTL_ENABLE_DEBUG_INFO = INCLUDE_SOURCE;
				MTL_FAST_MATH = YES;
				ONLY_ACTIVE_ARCH = YES;
				SDKROOT = iphoneos;
				SWIFT_ACTIVE_COMPILATION_CONDITIONS = DEBUG;
				SWIFT_OPTIMIZATION_LEVEL = "-Onone";
			};
			name = Debug;
		};
		631C63CD2899F6C50032352C /* Release */ = {
			isa = XCBuildConfiguration;
			buildSettings = {
				ALWAYS_SEARCH_USER_PATHS = NO;
				CLANG_ANALYZER_NONNULL = YES;
				CLANG_ANALYZER_NUMBER_OBJECT_CONVERSION = YES_AGGRESSIVE;
				CLANG_CXX_LANGUAGE_STANDARD = "gnu++17";
				CLANG_ENABLE_MODULES = YES;
				CLANG_ENABLE_OBJC_ARC = YES;
				CLANG_ENABLE_OBJC_WEAK = YES;
				CLANG_WARN_BLOCK_CAPTURE_AUTORELEASING = YES;
				CLANG_WARN_BOOL_CONVERSION = YES;
				CLANG_WARN_COMMA = YES;
				CLANG_WARN_CONSTANT_CONVERSION = YES;
				CLANG_WARN_DEPRECATED_OBJC_IMPLEMENTATIONS = YES;
				CLANG_WARN_DIRECT_OBJC_ISA_USAGE = YES_ERROR;
				CLANG_WARN_DOCUMENTATION_COMMENTS = YES;
				CLANG_WARN_EMPTY_BODY = YES;
				CLANG_WARN_ENUM_CONVERSION = YES;
				CLANG_WARN_INFINITE_RECURSION = YES;
				CLANG_WARN_INT_CONVERSION = YES;
				CLANG_WARN_NON_LITERAL_NULL_CONVERSION = YES;
				CLANG_WARN_OBJC_IMPLICIT_RETAIN_SELF = YES;
				CLANG_WARN_OBJC_LITERAL_CONVERSION = YES;
				CLANG_WARN_OBJC_ROOT_CLASS = YES_ERROR;
				CLANG_WARN_QUOTED_INCLUDE_IN_FRAMEWORK_HEADER = YES;
				CLANG_WARN_RANGE_LOOP_ANALYSIS = YES;
				CLANG_WARN_STRICT_PROTOTYPES = YES;
				CLANG_WARN_SUSPICIOUS_MOVE = YES;
				CLANG_WARN_UNGUARDED_AVAILABILITY = YES_AGGRESSIVE;
				CLANG_WARN_UNREACHABLE_CODE = YES;
				CLANG_WARN__DUPLICATE_METHOD_MATCH = YES;
				COPY_PHASE_STRIP = NO;
				DEBUG_INFORMATION_FORMAT = "dwarf-with-dsym";
				ENABLE_NS_ASSERTIONS = NO;
				ENABLE_STRICT_OBJC_MSGSEND = YES;
				GCC_C_LANGUAGE_STANDARD = gnu11;
				GCC_NO_COMMON_BLOCKS = YES;
				GCC_WARN_64_TO_32_BIT_CONVERSION = YES;
				GCC_WARN_ABOUT_RETURN_TYPE = YES_ERROR;
				GCC_WARN_UNDECLARED_SELECTOR = YES;
				GCC_WARN_UNINITIALIZED_AUTOS = YES_AGGRESSIVE;
				GCC_WARN_UNUSED_FUNCTION = YES;
				GCC_WARN_UNUSED_VARIABLE = YES;
				IPHONEOS_DEPLOYMENT_TARGET = 15.5;
				MTL_ENABLE_DEBUG_INFO = NO;
				MTL_FAST_MATH = YES;
				SDKROOT = iphoneos;
				SWIFT_COMPILATION_MODE = wholemodule;
				SWIFT_OPTIMIZATION_LEVEL = "-O";
				VALIDATE_PRODUCT = YES;
			};
			name = Release;
		};
		631C63CF2899F6C50032352C /* Debug */ = {
			isa = XCBuildConfiguration;
			buildSettings = {
				ASSETCATALOG_COMPILER_APPICON_NAME = AppIcon;
				ASSETCATALOG_COMPILER_GLOBAL_ACCENT_COLOR_NAME = AccentColor;
				CODE_SIGN_STYLE = Automatic;
				CURRENT_PROJECT_VERSION = 1;
				DEVELOPMENT_TEAM = QV329P6X5G;
				GENERATE_INFOPLIST_FILE = YES;
				INFOPLIST_FILE = TMDBProject/Info.plist;
				INFOPLIST_KEY_UIApplicationSupportsIndirectInputEvents = YES;
				INFOPLIST_KEY_UILaunchStoryboardName = LaunchScreen;
				INFOPLIST_KEY_UIMainStoryboardFile = Main;
				INFOPLIST_KEY_UISupportedInterfaceOrientations_iPad = "UIInterfaceOrientationPortrait UIInterfaceOrientationPortraitUpsideDown UIInterfaceOrientationLandscapeLeft UIInterfaceOrientationLandscapeRight";
				INFOPLIST_KEY_UISupportedInterfaceOrientations_iPhone = "UIInterfaceOrientationPortrait UIInterfaceOrientationLandscapeLeft UIInterfaceOrientationLandscapeRight";
				LD_RUNPATH_SEARCH_PATHS = (
					"$(inherited)",
					"@executable_path/Frameworks",
				);
				MARKETING_VERSION = 1.0;
				PRODUCT_BUNDLE_IDENTIFIER = com.jj.TMDBProject;
				PRODUCT_NAME = "$(TARGET_NAME)";
				SWIFT_EMIT_LOC_STRINGS = YES;
				SWIFT_VERSION = 5.0;
				TARGETED_DEVICE_FAMILY = "1,2";
			};
			name = Debug;
		};
		631C63D02899F6C50032352C /* Release */ = {
			isa = XCBuildConfiguration;
			buildSettings = {
				ASSETCATALOG_COMPILER_APPICON_NAME = AppIcon;
				ASSETCATALOG_COMPILER_GLOBAL_ACCENT_COLOR_NAME = AccentColor;
				CODE_SIGN_STYLE = Automatic;
				CURRENT_PROJECT_VERSION = 1;
				DEVELOPMENT_TEAM = QV329P6X5G;
				GENERATE_INFOPLIST_FILE = YES;
				INFOPLIST_FILE = TMDBProject/Info.plist;
				INFOPLIST_KEY_UIApplicationSupportsIndirectInputEvents = YES;
				INFOPLIST_KEY_UILaunchStoryboardName = LaunchScreen;
				INFOPLIST_KEY_UIMainStoryboardFile = Main;
				INFOPLIST_KEY_UISupportedInterfaceOrientations_iPad = "UIInterfaceOrientationPortrait UIInterfaceOrientationPortraitUpsideDown UIInterfaceOrientationLandscapeLeft UIInterfaceOrientationLandscapeRight";
				INFOPLIST_KEY_UISupportedInterfaceOrientations_iPhone = "UIInterfaceOrientationPortrait UIInterfaceOrientationLandscapeLeft UIInterfaceOrientationLandscapeRight";
				LD_RUNPATH_SEARCH_PATHS = (
					"$(inherited)",
					"@executable_path/Frameworks",
				);
				MARKETING_VERSION = 1.0;
				PRODUCT_BUNDLE_IDENTIFIER = com.jj.TMDBProject;
				PRODUCT_NAME = "$(TARGET_NAME)";
				SWIFT_EMIT_LOC_STRINGS = YES;
				SWIFT_VERSION = 5.0;
				TARGETED_DEVICE_FAMILY = "1,2";
			};
			name = Release;
		};
/* End XCBuildConfiguration section */

/* Begin XCConfigurationList section */
		631C63B52899F6C50032352C /* Build configuration list for PBXProject "TMDBProject" */ = {
			isa = XCConfigurationList;
			buildConfigurations = (
				631C63CC2899F6C50032352C /* Debug */,
				631C63CD2899F6C50032352C /* Release */,
			);
			defaultConfigurationIsVisible = 0;
			defaultConfigurationName = Release;
		};
		631C63CE2899F6C50032352C /* Build configuration list for PBXNativeTarget "TMDBProject" */ = {
			isa = XCConfigurationList;
			buildConfigurations = (
				631C63CF2899F6C50032352C /* Debug */,
				631C63D02899F6C50032352C /* Release */,
			);
			defaultConfigurationIsVisible = 0;
			defaultConfigurationName = Release;
		};
/* End XCConfigurationList section */

/* Begin XCRemoteSwiftPackageReference section */
		63622D10289A6E71008CFDFF /* XCRemoteSwiftPackageReference "SwiftyJSON" */ = {
			isa = XCRemoteSwiftPackageReference;
			repositoryURL = "https://github.com/SwiftyJSON/SwiftyJSON.git";
			requirement = {
				kind = upToNextMajorVersion;
				minimumVersion = 5.0.0;
			};
		};
		63622D13289A6E7A008CFDFF /* XCRemoteSwiftPackageReference "Alamofire" */ = {
			isa = XCRemoteSwiftPackageReference;
			repositoryURL = "https://github.com/Alamofire/Alamofire.git";
			requirement = {
				kind = upToNextMajorVersion;
				minimumVersion = 5.0.0;
			};
		};
		636EC442289E46FA00EEA09D /* XCRemoteSwiftPackageReference "Tabman" */ = {
			isa = XCRemoteSwiftPackageReference;
			repositoryURL = "https://github.com/uias/Tabman.git";
			requirement = {
				kind = upToNextMajorVersion;
				minimumVersion = 2.0.0;
			};
		};
		63AAABEA289B9D75002F800A /* XCRemoteSwiftPackageReference "JGProgressHUD" */ = {
			isa = XCRemoteSwiftPackageReference;
			repositoryURL = "https://github.com/JonasGessner/JGProgressHUD.git";
			requirement = {
				kind = upToNextMajorVersion;
				minimumVersion = 2.0.0;
			};
		};
		63AAAC03289BC013002F800A /* XCRemoteSwiftPackageReference "Kingfisher" */ = {
			isa = XCRemoteSwiftPackageReference;
			repositoryURL = "https://github.com/onevcat/Kingfisher.git";
			requirement = {
				kind = upToNextMajorVersion;
				minimumVersion = 7.0.0;
			};
		};
/* End XCRemoteSwiftPackageReference section */

/* Begin XCSwiftPackageProductDependency section */
		63622D11289A6E71008CFDFF /* SwiftyJSON */ = {
			isa = XCSwiftPackageProductDependency;
			package = 63622D10289A6E71008CFDFF /* XCRemoteSwiftPackageReference "SwiftyJSON" */;
			productName = SwiftyJSON;
		};
		63622D14289A6E7A008CFDFF /* Alamofire */ = {
			isa = XCSwiftPackageProductDependency;
			package = 63622D13289A6E7A008CFDFF /* XCRemoteSwiftPackageReference "Alamofire" */;
			productName = Alamofire;
		};
		636EC443289E46FA00EEA09D /* Tabman */ = {
			isa = XCSwiftPackageProductDependency;
			package = 636EC442289E46FA00EEA09D /* XCRemoteSwiftPackageReference "Tabman" */;
			productName = Tabman;
		};
		63AAABEB289B9D75002F800A /* JGProgressHUD */ = {
			isa = XCSwiftPackageProductDependency;
			package = 63AAABEA289B9D75002F800A /* XCRemoteSwiftPackageReference "JGProgressHUD" */;
			productName = JGProgressHUD;
		};
		63AAAC04289BC013002F800A /* Kingfisher */ = {
			isa = XCSwiftPackageProductDependency;
			package = 63AAAC03289BC013002F800A /* XCRemoteSwiftPackageReference "Kingfisher" */;
			productName = Kingfisher;
		};
/* End XCSwiftPackageProductDependency section */
	};
	rootObject = 631C63B22899F6C50032352C /* Project object */;
}
